
Microsoft Visual Studio Solution File, Format Version 12.00
# Visual Studio Version 16
VisualStudioVersion = 16.0.30114.105
MinimumVisualStudioVersion = 10.0.40219.1
Project("{FAE04EC0-301F-11D3-BF4B-00C04F79EFBC}") = "API", "API\API.csproj", "{D758D9FC-BE8C-4910-8635-B63D4A0C3855}"
EndProject
Project("{FAE04EC0-301F-11D3-BF4B-00C04F79EFBC}") = "Application", "Application\Application.csproj", "{4FED5F6D-257B-477E-87CC-B0B5EB52D5F3}"
EndProject
Project("{FAE04EC0-301F-11D3-BF4B-00C04F79EFBC}") = "Persistence", "Persistence\Persistence.csproj", "{1FD9B6B7-8F28-4078-86CF-7DF372F2E7A1}"
EndProject
Project("{FAE04EC0-301F-11D3-BF4B-00C04F79EFBC}") = "Domain", "Domain\Domain.csproj", "{F9CB92DD-4515-40AF-967D-AD91F85CF722}"
EndProject
Global
	GlobalSection(SolutionConfigurationPlatforms) = preSolution
		Debug|Any CPU = Debug|Any CPU
		Release|Any CPU = Release|Any CPU
	EndGlobalSection
	GlobalSection(SolutionProperties) = preSolution
		HideSolutionNode = FALSE
	EndGlobalSection
	GlobalSection(ProjectConfigurationPlatforms) = postSolution
		{D758D9FC-BE8C-4910-8635-B63D4A0C3855}.Debug|Any CPU.ActiveCfg = Debug|Any CPU
		{D758D9FC-BE8C-4910-8635-B63D4A0C3855}.Debug|Any CPU.Build.0 = Debug|Any CPU
		{D758D9FC-BE8C-4910-8635-B63D4A0C3855}.Release|Any CPU.ActiveCfg = Release|Any CPU
		{D758D9FC-BE8C-4910-8635-B63D4A0C3855}.Release|Any CPU.Build.0 = Release|Any CPU
		{4FED5F6D-257B-477E-87CC-B0B5EB52D5F3}.Debug|Any CPU.ActiveCfg = Debug|Any CPU
		{4FED5F6D-257B-477E-87CC-B0B5EB52D5F3}.Debug|Any CPU.Build.0 = Debug|Any CPU
		{4FED5F6D-257B-477E-87CC-B0B5EB52D5F3}.Release|Any CPU.ActiveCfg = Release|Any CPU
		{4FED5F6D-257B-477E-87CC-B0B5EB52D5F3}.Release|Any CPU.Build.0 = Release|Any CPU
		{1FD9B6B7-8F28-4078-86CF-7DF372F2E7A1}.Debug|Any CPU.ActiveCfg = Debug|Any CPU
		{1FD9B6B7-8F28-4078-86CF-7DF372F2E7A1}.Debug|Any CPU.Build.0 = Debug|Any CPU
		{1FD9B6B7-8F28-4078-86CF-7DF372F2E7A1}.Release|Any CPU.ActiveCfg = Release|Any CPU
		{1FD9B6B7-8F28-4078-86CF-7DF372F2E7A1}.Release|Any CPU.Build.0 = Release|Any CPU
		{F9CB92DD-4515-40AF-967D-AD91F85CF722}.Debug|Any CPU.ActiveCfg = Debug|Any CPU
		{F9CB92DD-4515-40AF-967D-AD91F85CF722}.Debug|Any CPU.Build.0 = Debug|Any CPU
		{F9CB92DD-4515-40AF-967D-AD91F85CF722}.Release|Any CPU.ActiveCfg = Release|Any CPU
		{F9CB92DD-4515-40AF-967D-AD91F85CF722}.Release|Any CPU.Build.0 = Release|Any CPU
	EndGlobalSection
EndGlobal
